
Microsoft Visual Studio Solution File, Format Version 12.00
# Visual Studio Version 17
VisualStudioVersion = 17.4.33110.190
MinimumVisualStudioVersion = 10.0.40219.1
Project("{FAE04EC0-301F-11D3-BF4B-00C04F79EFBC}") = "Sudoku Solver - Ronni Moshkovitz", "Sudoku Solver - Ronni Moshkovitz\Sudoku Solver - Ronni Moshkovitz.csproj", "{5E189AFF-0D1B-4EA0-815A-E8559D4E4A82}"
EndProject
Project("{FAE04EC0-301F-11D3-BF4B-00C04F79EFBC}") = "UnitTesting", "UnitTesting\UnitTesting.csproj", "{80F35CB1-373A-4996-9EA8-C762367A1945}"
EndProject
Global
	GlobalSection(SolutionConfigurationPlatforms) = preSolution
		Debug|Any CPU = Debug|Any CPU
		Release|Any CPU = Release|Any CPU
	EndGlobalSection
	GlobalSection(ProjectConfigurationPlatforms) = postSolution
		{5E189AFF-0D1B-4EA0-815A-E8559D4E4A82}.Debug|Any CPU.ActiveCfg = Debug|Any CPU
		{5E189AFF-0D1B-4EA0-815A-E8559D4E4A82}.Debug|Any CPU.Build.0 = Debug|Any CPU
		{5E189AFF-0D1B-4EA0-815A-E8559D4E4A82}.Release|Any CPU.ActiveCfg = Release|Any CPU
		{5E189AFF-0D1B-4EA0-815A-E8559D4E4A82}.Release|Any CPU.Build.0 = Release|Any CPU
		{80F35CB1-373A-4996-9EA8-C762367A1945}.Debug|Any CPU.ActiveCfg = Debug|Any CPU
		{80F35CB1-373A-4996-9EA8-C762367A1945}.Debug|Any CPU.Build.0 = Debug|Any CPU
		{80F35CB1-373A-4996-9EA8-C762367A1945}.Release|Any CPU.ActiveCfg = Release|Any CPU
		{80F35CB1-373A-4996-9EA8-C762367A1945}.Release|Any CPU.Build.0 = Release|Any CPU
	EndGlobalSection
	GlobalSection(SolutionProperties) = preSolution
		HideSolutionNode = FALSE
	EndGlobalSection
	GlobalSection(ExtensibilityGlobals) = postSolution
		SolutionGuid = {A7BF2736-A4CF-46EE-A7E2-00DA773027ED}
	EndGlobalSection
EndGlobal
